{
  "pins" : [
    {
      "identity" : "files",
      "kind" : "remoteSourceControl",
      "location" : "https://github.com/JohnSundell/Files",
      "state" : {
        "revision" : "d273b5b7025d386feef79ef6bad7de762e106eaf",
        "version" : "4.2.0"
      }
    },
    {
      "identity" : "waterfallgrid",
      "kind" : "remoteSourceControl",
      "location" : "https://github.com/paololeonardi/WaterfallGrid.git",
      "state" : {
        "revision" : "944aa82832ed5a9eaaf50862cdd53e3c10ab55eb",
        "version" : "1.0.1"
      }
    }
  ],
  "version" : 2
}
